
Microsoft Visual Studio Solution File, Format Version 12.00
# Visual Studio Version 17
VisualStudioVersion = 17.9.34526.213
MinimumVisualStudioVersion = 10.0.40219.1
Project("{FAE04EC0-301F-11D3-BF4B-00C04F79EFBC}") = "TesteCampos", "TesteCampos\TesteCampos.csproj", "{A52B7EF8-6AA3-4905-BE23-83CF613F7272}"
EndProject
Global
	GlobalSection(SolutionConfigurationPlatforms) = preSolution
		Debug|Any CPU = Debug|Any CPU
		Release|Any CPU = Release|Any CPU
	EndGlobalSection
	GlobalSection(ProjectConfigurationPlatforms) = postSolution
		{A52B7EF8-6AA3-4905-BE23-83CF613F7272}.Debug|Any CPU.ActiveCfg = Debug|Any CPU
		{A52B7EF8-6AA3-4905-BE23-83CF613F7272}.Debug|Any CPU.Build.0 = Debug|Any CPU
		{A52B7EF8-6AA3-4905-BE23-83CF613F7272}.Release|Any CPU.ActiveCfg = Release|Any CPU
		{A52B7EF8-6AA3-4905-BE23-83CF613F7272}.Release|Any CPU.Build.0 = Release|Any CPU
	EndGlobalSection
	GlobalSection(SolutionProperties) = preSolution
		HideSolutionNode = FALSE
	EndGlobalSection
	GlobalSection(ExtensibilityGlobals) = postSolution
		SolutionGuid = {9781909E-19E5-4C05-85AE-A9C496EB2CB1}
	EndGlobalSection
EndGlobal
